
Microsoft Visual Studio Solution File, Format Version 12.00
# Visual Studio Version 17
VisualStudioVersion = 17.8.34309.116
MinimumVisualStudioVersion = 10.0.40219.1
Project("{FAE04EC0-301F-11D3-BF4B-00C04F79EFBC}") = "MovieCatalog.DAL", "MovieCatalog.DAL\MovieCatalog.DAL.csproj", "{2FBA09DF-16EB-4FE1-8DDC-D6A5B210CA32}"
EndProject
Global
	GlobalSection(SolutionConfigurationPlatforms) = preSolution
		Debug|Any CPU = Debug|Any CPU
		Release|Any CPU = Release|Any CPU
	EndGlobalSection
	GlobalSection(ProjectConfigurationPlatforms) = postSolution
		{2FBA09DF-16EB-4FE1-8DDC-D6A5B210CA32}.Debug|Any CPU.ActiveCfg = Debug|Any CPU
		{2FBA09DF-16EB-4FE1-8DDC-D6A5B210CA32}.Debug|Any CPU.Build.0 = Debug|Any CPU
		{2FBA09DF-16EB-4FE1-8DDC-D6A5B210CA32}.Release|Any CPU.ActiveCfg = Release|Any CPU
		{2FBA09DF-16EB-4FE1-8DDC-D6A5B210CA32}.Release|Any CPU.Build.0 = Release|Any CPU
	EndGlobalSection
	GlobalSection(SolutionProperties) = preSolution
		HideSolutionNode = FALSE
	EndGlobalSection
	GlobalSection(ExtensibilityGlobals) = postSolution
		SolutionGuid = {C3B794B2-0442-450C-80A3-69242772F485}
	EndGlobalSection
EndGlobal
